
Microsoft Visual Studio Solution File, Format Version 12.00
# Visual Studio Version 16
VisualStudioVersion = 16.0.32602.291
MinimumVisualStudioVersion = 10.0.40219.1
Project("{FAE04EC0-301F-11D3-BF4B-00C04F79EFBC}") = "exer2_numeroPositivoNegativoForms", "exer2_numeroPositivoNegativoForms\exer2_numeroPositivoNegativoForms.csproj", "{80DB08D4-A623-454A-BA38-DDC670F4A493}"
EndProject
Global
	GlobalSection(SolutionConfigurationPlatforms) = preSolution
		Debug|Any CPU = Debug|Any CPU
		Release|Any CPU = Release|Any CPU
	EndGlobalSection
	GlobalSection(ProjectConfigurationPlatforms) = postSolution
		{80DB08D4-A623-454A-BA38-DDC670F4A493}.Debug|Any CPU.ActiveCfg = Debug|Any CPU
		{80DB08D4-A623-454A-BA38-DDC670F4A493}.Debug|Any CPU.Build.0 = Debug|Any CPU
		{80DB08D4-A623-454A-BA38-DDC670F4A493}.Release|Any CPU.ActiveCfg = Release|Any CPU
		{80DB08D4-A623-454A-BA38-DDC670F4A493}.Release|Any CPU.Build.0 = Release|Any CPU
	EndGlobalSection
	GlobalSection(SolutionProperties) = preSolution
		HideSolutionNode = FALSE
	EndGlobalSection
	GlobalSection(ExtensibilityGlobals) = postSolution
		SolutionGuid = {461DFD9D-7DE2-468B-A94F-5A6F964827FF}
	EndGlobalSection
EndGlobal
