
Microsoft Visual Studio Solution File, Format Version 12.00
# Visual Studio 15
VisualStudioVersion = 15.0.33403.129
MinimumVisualStudioVersion = 10.0.40219.1
Project("{FAE04EC0-301F-11D3-BF4B-00C04F79EFBC}") = "Ex5_nome_porParametro", "Ex5_nome_porParametro\Ex5_nome_porParametro.csproj", "{D7521E4A-8933-45B4-90F3-FB85EBE84EE5}"
EndProject
Global
	GlobalSection(SolutionConfigurationPlatforms) = preSolution
		Debug|Any CPU = Debug|Any CPU
		Release|Any CPU = Release|Any CPU
	EndGlobalSection
	GlobalSection(ProjectConfigurationPlatforms) = postSolution
		{D7521E4A-8933-45B4-90F3-FB85EBE84EE5}.Debug|Any CPU.ActiveCfg = Debug|Any CPU
		{D7521E4A-8933-45B4-90F3-FB85EBE84EE5}.Debug|Any CPU.Build.0 = Debug|Any CPU
		{D7521E4A-8933-45B4-90F3-FB85EBE84EE5}.Release|Any CPU.ActiveCfg = Release|Any CPU
		{D7521E4A-8933-45B4-90F3-FB85EBE84EE5}.Release|Any CPU.Build.0 = Release|Any CPU
	EndGlobalSection
	GlobalSection(SolutionProperties) = preSolution
		HideSolutionNode = FALSE
	EndGlobalSection
	GlobalSection(ExtensibilityGlobals) = postSolution
		SolutionGuid = {3A0695E1-0991-4E6D-9090-B927B5D25260}
	EndGlobalSection
EndGlobal
