
Microsoft Visual Studio Solution File, Format Version 12.00
# Visual Studio 15
VisualStudioVersion = 15.0.33403.129
MinimumVisualStudioVersion = 10.0.40219.1
Project("{FAE04EC0-301F-11D3-BF4B-00C04F79EFBC}") = "Exer9_calculoIMCarquivoTexto", "Exer9_calculoIMCarquivoTexto\Exer9_calculoIMCarquivoTexto.csproj", "{6238C0C6-ABB1-406C-A383-E4158553B8BC}"
EndProject
Global
	GlobalSection(SolutionConfigurationPlatforms) = preSolution
		Debug|Any CPU = Debug|Any CPU
		Release|Any CPU = Release|Any CPU
	EndGlobalSection
	GlobalSection(ProjectConfigurationPlatforms) = postSolution
		{6238C0C6-ABB1-406C-A383-E4158553B8BC}.Debug|Any CPU.ActiveCfg = Debug|Any CPU
		{6238C0C6-ABB1-406C-A383-E4158553B8BC}.Debug|Any CPU.Build.0 = Debug|Any CPU
		{6238C0C6-ABB1-406C-A383-E4158553B8BC}.Release|Any CPU.ActiveCfg = Release|Any CPU
		{6238C0C6-ABB1-406C-A383-E4158553B8BC}.Release|Any CPU.Build.0 = Release|Any CPU
	EndGlobalSection
	GlobalSection(SolutionProperties) = preSolution
		HideSolutionNode = FALSE
	EndGlobalSection
	GlobalSection(ExtensibilityGlobals) = postSolution
		SolutionGuid = {D3045BBC-0947-4FF8-BC82-FD54FE2FCCE1}
	EndGlobalSection
EndGlobal
