
Microsoft Visual Studio Solution File, Format Version 12.00
# Visual Studio 15
VisualStudioVersion = 15.0.33403.129
MinimumVisualStudioVersion = 10.0.40219.1
Project("{FAE04EC0-301F-11D3-BF4B-00C04F79EFBC}") = "Exerc1_numeroMaiorMenorQueDez", "Exerc1_numeroMaiorMenorQueDez\Exerc1_numeroMaiorMenorQueDez.csproj", "{053CEDF4-4CB5-4925-9F35-EF5B877CBEE6}"
EndProject
Global
	GlobalSection(SolutionConfigurationPlatforms) = preSolution
		Debug|Any CPU = Debug|Any CPU
		Release|Any CPU = Release|Any CPU
	EndGlobalSection
	GlobalSection(ProjectConfigurationPlatforms) = postSolution
		{053CEDF4-4CB5-4925-9F35-EF5B877CBEE6}.Debug|Any CPU.ActiveCfg = Debug|Any CPU
		{053CEDF4-4CB5-4925-9F35-EF5B877CBEE6}.Debug|Any CPU.Build.0 = Debug|Any CPU
		{053CEDF4-4CB5-4925-9F35-EF5B877CBEE6}.Release|Any CPU.ActiveCfg = Release|Any CPU
		{053CEDF4-4CB5-4925-9F35-EF5B877CBEE6}.Release|Any CPU.Build.0 = Release|Any CPU
	EndGlobalSection
	GlobalSection(SolutionProperties) = preSolution
		HideSolutionNode = FALSE
	EndGlobalSection
	GlobalSection(ExtensibilityGlobals) = postSolution
		SolutionGuid = {3C0EFD38-E9DB-4C7A-AA6B-C65E5029322D}
	EndGlobalSection
EndGlobal
