
Microsoft Visual Studio Solution File, Format Version 12.00
# Visual Studio Version 16
VisualStudioVersion = 16.0.32602.291
MinimumVisualStudioVersion = 10.0.40219.1
Project("{FAE04EC0-301F-11D3-BF4B-00C04F79EFBC}") = "Exer5_verificacaoDeVotoForms", "Exer5_verificacaoDeVotoForms\Exer5_verificacaoDeVotoForms.csproj", "{2E257E5A-A9FB-4508-AEE1-8321D19F5395}"
EndProject
Global
	GlobalSection(SolutionConfigurationPlatforms) = preSolution
		Debug|Any CPU = Debug|Any CPU
		Release|Any CPU = Release|Any CPU
	EndGlobalSection
	GlobalSection(ProjectConfigurationPlatforms) = postSolution
		{2E257E5A-A9FB-4508-AEE1-8321D19F5395}.Debug|Any CPU.ActiveCfg = Debug|Any CPU
		{2E257E5A-A9FB-4508-AEE1-8321D19F5395}.Debug|Any CPU.Build.0 = Debug|Any CPU
		{2E257E5A-A9FB-4508-AEE1-8321D19F5395}.Release|Any CPU.ActiveCfg = Release|Any CPU
		{2E257E5A-A9FB-4508-AEE1-8321D19F5395}.Release|Any CPU.Build.0 = Release|Any CPU
	EndGlobalSection
	GlobalSection(SolutionProperties) = preSolution
		HideSolutionNode = FALSE
	EndGlobalSection
	GlobalSection(ExtensibilityGlobals) = postSolution
		SolutionGuid = {34BB0B2E-C072-4251-AE94-4DB3E158DF6D}
	EndGlobalSection
EndGlobal
